
Microsoft Visual Studio Solution File, Format Version 12.00
# Visual Studio 15
VisualStudioVersion = 15.0.28307.1169
MinimumVisualStudioVersion = 10.0.40219.1
Project("{8BC9CEB8-8B4A-11D0-8D11-00A0C91BC942}") = "GM31_DirectX11", "GM31_DirectX11\GM31_DirectX11.vcxproj", "{3693BF58-0936-45F9-B37F-F7712AF00283}"
EndProject
Global
	GlobalSection(SolutionConfigurationPlatforms) = preSolution
		Debug|x64 = Debug|x64
		Debug|x86 = Debug|x86
		Release|x64 = Release|x64
		Release|x86 = Release|x86
	EndGlobalSection
	GlobalSection(ProjectConfigurationPlatforms) = postSolution
		{3693BF58-0936-45F9-B37F-F7712AF00283}.Debug|x64.ActiveCfg = Debug|x64
		{3693BF58-0936-45F9-B37F-F7712AF00283}.Debug|x64.Build.0 = Debug|x64
		{3693BF58-0936-45F9-B37F-F7712AF00283}.Debug|x86.ActiveCfg = Debug|Win32
		{3693BF58-0936-45F9-B37F-F7712AF00283}.Debug|x86.Build.0 = Debug|Win32
		{3693BF58-0936-45F9-B37F-F7712AF00283}.Release|x64.ActiveCfg = Release|x64
		{3693BF58-0936-45F9-B37F-F7712AF00283}.Release|x64.Build.0 = Release|x64
		{3693BF58-0936-45F9-B37F-F7712AF00283}.Release|x86.ActiveCfg = Release|Win32
		{3693BF58-0936-45F9-B37F-F7712AF00283}.Release|x86.Build.0 = Release|Win32
	EndGlobalSection
	GlobalSection(SolutionProperties) = preSolution
		HideSolutionNode = FALSE
	EndGlobalSection
	GlobalSection(ExtensibilityGlobals) = postSolution
		SolutionGuid = {A552FF1F-F93B-4E01-A938-C7AF60A6A22E}
	EndGlobalSection
EndGlobal
